C_______________________________________________________________________________
C     STEPWISE 2.21 is an updated version of the WIPP STEPWISE program configured to run on Windows
C     STEPWISE 2.21a is identical to STEPWISE 2.21 except it has a wrapper to allow it to be more easily called from within a code
C     See the STEPWISE User Manual (stp_220_um.pdf) in the ZIP file for more information
C
C     Copyright 2017 National Technology & Engineering Solutions of Sandia, LLC (NTESS).
C     Under the terms of Contract DE-NA0003525 with NTESS, the U.S. Government retains certain rights in this software.
C
C     Stepwise 2.21 is distributed under the GNU Lesser General Public License (see LICENSE.TXT)
C_______________________________________________________________________________


Microsoft Visual Studio Solution File, Format Version 10.00
# Visual Studio 2008
Project("{6989167D-11E4-40FE-8C1A-2192A86A7E90}") = "stepwise_WIPP", "stepwise_WIPP\stepwise_WIPP.vfproj", "{90F8895C-00B9-40E1-B6A3-C5816134EA3D}"
EndProject
Global
	GlobalSection(SolutionConfigurationPlatforms) = preSolution
		Debug|Win32 = Debug|Win32
		Release|Win32 = Release|Win32
	EndGlobalSection
	GlobalSection(ProjectConfigurationPlatforms) = postSolution
		{90F8895C-00B9-40E1-B6A3-C5816134EA3D}.Debug|Win32.ActiveCfg = Debug|Win32
		{90F8895C-00B9-40E1-B6A3-C5816134EA3D}.Debug|Win32.Build.0 = Debug|Win32
		{90F8895C-00B9-40E1-B6A3-C5816134EA3D}.Release|Win32.ActiveCfg = Release|Win32
		{90F8895C-00B9-40E1-B6A3-C5816134EA3D}.Release|Win32.Build.0 = Release|Win32
	EndGlobalSection
	GlobalSection(SolutionProperties) = preSolution
		HideSolutionNode = FALSE
	EndGlobalSection
EndGlobal
